
Microsoft Visual Studio Solution File, Format Version 12.00
# Visual Studio Version 16
VisualStudioVersion = 16.0.35130.168
MinimumVisualStudioVersion = 10.0.40219.1
Project("{FAE04EC0-301F-11D3-BF4B-00C04F79EFBC}") = "dolgozatocska", "dolgozatocska\dolgozatocska.csproj", "{0DF62AF4-362A-494D-A7DB-4568F122285D}"
EndProject
Global
	GlobalSection(SolutionConfigurationPlatforms) = preSolution
		Debug|Any CPU = Debug|Any CPU
		Release|Any CPU = Release|Any CPU
	EndGlobalSection
	GlobalSection(ProjectConfigurationPlatforms) = postSolution
		{0DF62AF4-362A-494D-A7DB-4568F122285D}.Debug|Any CPU.ActiveCfg = Debug|Any CPU
		{0DF62AF4-362A-494D-A7DB-4568F122285D}.Debug|Any CPU.Build.0 = Debug|Any CPU
		{0DF62AF4-362A-494D-A7DB-4568F122285D}.Release|Any CPU.ActiveCfg = Release|Any CPU
		{0DF62AF4-362A-494D-A7DB-4568F122285D}.Release|Any CPU.Build.0 = Release|Any CPU
	EndGlobalSection
	GlobalSection(SolutionProperties) = preSolution
		HideSolutionNode = FALSE
	EndGlobalSection
	GlobalSection(ExtensibilityGlobals) = postSolution
		SolutionGuid = {ABC7F960-CF0C-4457-8692-9D4EA1C01E37}
	EndGlobalSection
EndGlobal
