
Microsoft Visual Studio Solution File, Format Version 12.00
# Visual Studio Version 16
VisualStudioVersion = 16.0.32630.194
MinimumVisualStudioVersion = 10.0.40219.1
Project("{FAE04EC0-301F-11D3-BF4B-00C04F79EFBC}") = "WindowsFormsApp1", "WindowsFormsApp1\WindowsFormsApp1.csproj", "{D1AF07C1-DB20-49F6-B2C1-2A711A438D16}"
EndProject
Global
	GlobalSection(SolutionConfigurationPlatforms) = preSolution
		Debug|Any CPU = Debug|Any CPU
		Release|Any CPU = Release|Any CPU
	EndGlobalSection
	GlobalSection(ProjectConfigurationPlatforms) = postSolution
		{D1AF07C1-DB20-49F6-B2C1-2A711A438D16}.Debug|Any CPU.ActiveCfg = Debug|Any CPU
		{D1AF07C1-DB20-49F6-B2C1-2A711A438D16}.Debug|Any CPU.Build.0 = Debug|Any CPU
		{D1AF07C1-DB20-49F6-B2C1-2A711A438D16}.Release|Any CPU.ActiveCfg = Release|Any CPU
		{D1AF07C1-DB20-49F6-B2C1-2A711A438D16}.Release|Any CPU.Build.0 = Release|Any CPU
	EndGlobalSection
	GlobalSection(SolutionProperties) = preSolution
		HideSolutionNode = FALSE
	EndGlobalSection
	GlobalSection(ExtensibilityGlobals) = postSolution
		SolutionGuid = {F36A141A-159B-488C-B248-6FE56EBB0B51}
	EndGlobalSection
EndGlobal
