
Microsoft Visual Studio Solution File, Format Version 12.00
# Visual Studio Version 16
VisualStudioVersion = 16.0.35130.168
MinimumVisualStudioVersion = 10.0.40219.1
Project("{FAE04EC0-301F-11D3-BF4B-00C04F79EFBC}") = "WindowsFormsApp", "WindowsFormsApp.csproj", "{1EA67F3A-B08C-4058-9C14-73A090424A96}"
EndProject
Global
	GlobalSection(SolutionConfigurationPlatforms) = preSolution
		Debug|Any CPU = Debug|Any CPU
		Release|Any CPU = Release|Any CPU
	EndGlobalSection
	GlobalSection(ProjectConfigurationPlatforms) = postSolution
		{1EA67F3A-B08C-4058-9C14-73A090424A96}.Debug|Any CPU.ActiveCfg = Debug|Any CPU
		{1EA67F3A-B08C-4058-9C14-73A090424A96}.Debug|Any CPU.Build.0 = Debug|Any CPU
		{1EA67F3A-B08C-4058-9C14-73A090424A96}.Release|Any CPU.ActiveCfg = Release|Any CPU
		{1EA67F3A-B08C-4058-9C14-73A090424A96}.Release|Any CPU.Build.0 = Release|Any CPU
	EndGlobalSection
	GlobalSection(SolutionProperties) = preSolution
		HideSolutionNode = FALSE
	EndGlobalSection
	GlobalSection(ExtensibilityGlobals) = postSolution
		SolutionGuid = {D0F19F49-AAFA-47A5-B1B5-CC7DBAC2F3DE}
	EndGlobalSection
EndGlobal
